
Microsoft Visual Studio Solution File, Format Version 12.00
# Visual Studio 2013
VisualStudioVersion = 12.0.30501.0
MinimumVisualStudioVersion = 10.0.40219.1
Project("{FAE04EC0-301F-11D3-BF4B-00C04F79EFBC}") = "ConsoleApplication", "ConsoleApplication.csproj", "{C6956193-15B7-4505-9E45-A8A4674E7D9C}"
EndProject
Global
	GlobalSection(SolutionConfigurationPlatforms) = preSolution
		Debug|Any CPU = Debug|Any CPU
		Release|Any CPU = Release|Any CPU
	EndGlobalSection
	GlobalSection(ProjectConfigurationPlatforms) = postSolution
		{C6956193-15B7-4505-9E45-A8A4674E7D9C}.Debug|Any CPU.ActiveCfg = Debug|Any CPU
		{C6956193-15B7-4505-9E45-A8A4674E7D9C}.Debug|Any CPU.Build.0 = Debug|Any CPU
		{C6956193-15B7-4505-9E45-A8A4674E7D9C}.Release|Any CPU.ActiveCfg = Release|Any CPU
		{C6956193-15B7-4505-9E45-A8A4674E7D9C}.Release|Any CPU.Build.0 = Release|Any CPU
	EndGlobalSection
	GlobalSection(SolutionProperties) = preSolution
		HideSolutionNode = FALSE
	EndGlobalSection
EndGlobal
