
Microsoft Visual Studio Solution File, Format Version 12.00
# Visual Studio 2013
VisualStudioVersion = 12.0.30501.0
MinimumVisualStudioVersion = 10.0.40219.1
Project("{FAE04EC0-301F-11D3-BF4B-00C04F79EFBC}") = "FileBiggy", "FileBiggy\FileBiggy.csproj", "{28A420D7-5333-4D19-9284-049F6317C9B1}"
EndProject
Project("{FAE04EC0-301F-11D3-BF4B-00C04F79EFBC}") = "FileBiggy.Tests", "FileBiggy.Tests\FileBiggy.Tests.csproj", "{1F6EBA88-5AE0-468A-B5A6-750F0B918C20}"
EndProject
Global
	GlobalSection(SolutionConfigurationPlatforms) = preSolution
		Debug|Any CPU = Debug|Any CPU
		Release|Any CPU = Release|Any CPU
	EndGlobalSection
	GlobalSection(ProjectConfigurationPlatforms) = postSolution
		{28A420D7-5333-4D19-9284-049F6317C9B1}.Debug|Any CPU.ActiveCfg = Debug|Any CPU
		{28A420D7-5333-4D19-9284-049F6317C9B1}.Debug|Any CPU.Build.0 = Debug|Any CPU
		{28A420D7-5333-4D19-9284-049F6317C9B1}.Release|Any CPU.ActiveCfg = Release|Any CPU
		{28A420D7-5333-4D19-9284-049F6317C9B1}.Release|Any CPU.Build.0 = Release|Any CPU
		{1F6EBA88-5AE0-468A-B5A6-750F0B918C20}.Debug|Any CPU.ActiveCfg = Debug|Any CPU
		{1F6EBA88-5AE0-468A-B5A6-750F0B918C20}.Debug|Any CPU.Build.0 = Debug|Any CPU
		{1F6EBA88-5AE0-468A-B5A6-750F0B918C20}.Release|Any CPU.ActiveCfg = Release|Any CPU
		{1F6EBA88-5AE0-468A-B5A6-750F0B918C20}.Release|Any CPU.Build.0 = Release|Any CPU
	EndGlobalSection
	GlobalSection(SolutionProperties) = preSolution
		HideSolutionNode = FALSE
	EndGlobalSection
EndGlobal
